
Microsoft Visual Studio Solution File, Format Version 12.00
# Visual Studio Version 17
VisualStudioVersion = 17.3.32929.385
MinimumVisualStudioVersion = 10.0.40219.1
Project("{FAE04EC0-301F-11D3-BF4B-00C04F79EFBC}") = "PlatformService", "PlatformService\PlatformService.csproj", "{D6F170C6-F04E-4C07-A689-51373BBAAA15}"
EndProject
Global
	GlobalSection(SolutionConfigurationPlatforms) = preSolution
		Debug|Any CPU = Debug|Any CPU
		Release|Any CPU = Release|Any CPU
	EndGlobalSection
	GlobalSection(ProjectConfigurationPlatforms) = postSolution
		{D6F170C6-F04E-4C07-A689-51373BBAAA15}.Debug|Any CPU.ActiveCfg = Debug|Any CPU
		{D6F170C6-F04E-4C07-A689-51373BBAAA15}.Debug|Any CPU.Build.0 = Debug|Any CPU
		{D6F170C6-F04E-4C07-A689-51373BBAAA15}.Release|Any CPU.ActiveCfg = Release|Any CPU
		{D6F170C6-F04E-4C07-A689-51373BBAAA15}.Release|Any CPU.Build.0 = Release|Any CPU
	EndGlobalSection
	GlobalSection(SolutionProperties) = preSolution
		HideSolutionNode = FALSE
	EndGlobalSection
	GlobalSection(ExtensibilityGlobals) = postSolution
		SolutionGuid = {7ED7799E-5675-470C-A9E8-049CC77FC15F}
	EndGlobalSection
EndGlobal
